// !$*UTF8*$!
{
	archiveVersion = 1;
	classes = {
	};
	objectVersion = 51;
	objects = {

/* Begin PBXBuildFile section */
		36188B252387890600C1BD04 /* LoginViewController.swift in Sources */ = {isa = PBXBuildFile; fileRef = 36188B242387890600C1BD04 /* LoginViewController.swift */; };
		36188B272387890F00C1BD04 /* SignUpViewController.swift in Sources */ = {isa = PBXBuildFile; fileRef = 36188B262387890F00C1BD04 /* SignUpViewController.swift */; };
		3662024F238762C70058EA52 /* AppDelegate.swift in Sources */ = {isa = PBXBuildFile; fileRef = 3662024E238762C70058EA52 /* AppDelegate.swift */; };
		36620251238762C70058EA52 /* SceneDelegate.swift in Sources */ = {isa = PBXBuildFile; fileRef = 36620250238762C70058EA52 /* SceneDelegate.swift */; };
		36620256238762C70058EA52 /* Main.storyboard in Resources */ = {isa = PBXBuildFile; fileRef = 36620254238762C70058EA52 /* Main.storyboard */; };
		36620258238762C80058EA52 /* Assets.xcassets in Resources */ = {isa = PBXBuildFile; fileRef = 36620257238762C80058EA52 /* Assets.xcassets */; };
		3662025B238762C80058EA52 /* LaunchScreen.storyboard in Resources */ = {isa = PBXBuildFile; fileRef = 36620259238762C80058EA52 /* LaunchScreen.storyboard */; };
		366202632387875A0058EA52 /* StartViewController.swift in Sources */ = {isa = PBXBuildFile; fileRef = 366202622387875A0058EA52 /* StartViewController.swift */; };
		36620267238787EB0058EA52 /* GoogleService-Info.plist in Resources */ = {isa = PBXBuildFile; fileRef = 36620266238787EB0058EA52 /* GoogleService-Info.plist */; };
		369C35E92387C6D2000EB5B3 /* DataStorage.xcdatamodeld in Sources */ = {isa = PBXBuildFile; fileRef = 369C35E72387C6D2000EB5B3 /* DataStorage.xcdatamodeld */; };
		36C647832387E54B007E1CFF /* ListTableViewController.swift in Sources */ = {isa = PBXBuildFile; fileRef = 36C647822387E54B007E1CFF /* ListTableViewController.swift */; };
		36FFAB522387EB2E000D8E33 /* CreateListViewController.swift in Sources */ = {isa = PBXBuildFile; fileRef = 36FFAB512387EB2E000D8E33 /* CreateListViewController.swift */; };
		36FFAB542387EB52000D8E33 /* ListOfItemsTableViewController.swift in Sources */ = {isa = PBXBuildFile; fileRef = 36FFAB532387EB52000D8E33 /* ListOfItemsTableViewController.swift */; };
		36FFAB562388B2B8000D8E33 /* AddItemsViewController.swift in Sources */ = {isa = PBXBuildFile; fileRef = 36FFAB552388B2B8000D8E33 /* AddItemsViewController.swift */; };
		E6916DAEB50179F7F1B35A7B /* Pods_firebase2.framework in Frameworks */ = {isa = PBXBuildFile; fileRef = 28E53FE6E126AACB7D0A9497 /* Pods_firebase2.framework */; };
/* End PBXBuildFile section */

/* Begin PBXFileReference section */
		28E53FE6E126AACB7D0A9497 /* Pods_firebase2.framework */ = {isa = PBXFileReference; explicitFileType = wrapper.framework; includeInIndex = 0; path = Pods_firebase2.framework; sourceTree = BUILT_PRODUCTS_DIR; };
		36188B242387890600C1BD04 /* LoginViewController.swift */ = {isa = PBXFileReference; lastKnownFileType = sourcecode.swift; path = LoginViewController.swift; sourceTree = "<group>"; };
		36188B262387890F00C1BD04 /* SignUpViewController.swift */ = {isa = PBXFileReference; lastKnownFileType = sourcecode.swift; path = SignUpViewController.swift; sourceTree = "<group>"; };
		3662024B238762C70058EA52 /* firebase2.app */ = {isa = PBXFileReference; explicitFileType = wrapper.application; includeInIndex = 0; path = firebase2.app; sourceTree = BUILT_PRODUCTS_DIR; };
		3662024E238762C70058EA52 /* AppDelegate.swift */ = {isa = PBXFileReference; lastKnownFileType = sourcecode.swift; path = AppDelegate.swift; sourceTree = "<group>"; };
		36620250238762C70058EA52 /* SceneDelegate.swift */ = {isa = PBXFileReference; lastKnownFileType = sourcecode.swift; path = SceneDelegate.swift; sourceTree = "<group>"; };
		36620255238762C70058EA52 /* Base */ = {isa = PBXFileReference; lastKnownFileType = file.storyboard; name = Base; path = Base.lproj/Main.storyboard; sourceTree = "<group>"; };
		36620257238762C80058EA52 /* Assets.xcassets */ = {isa = PBXFileReference; lastKnownFileType = folder.assetcatalog; path = Assets.xcassets; sourceTree = "<group>"; };
		3662025A238762C80058EA52 /* Base */ = {isa = PBXFileReference; lastKnownFileType = file.storyboard; name = Base; path = Base.lproj/LaunchScreen.storyboard; sourceTree = "<group>"; };
		3662025C238762C80058EA52 /* Info.plist */ = {isa = PBXFileReference; lastKnownFileType = text.plist.xml; path = Info.plist; sourceTree = "<group>"; };
		366202622387875A0058EA52 /* StartViewController.swift */ = {isa = PBXFileReference; lastKnownFileType = sourcecode.swift; path = StartViewController.swift; sourceTree = "<group>"; };
		36620266238787EB0058EA52 /* GoogleService-Info.plist */ = {isa = PBXFileReference; fileEncoding = 4; lastKnownFileType = text.plist.xml; name = "GoogleService-Info.plist"; path = "../../../../Downloads/GoogleService-Info.plist"; sourceTree = "<group>"; };
		369C35E82387C6D2000EB5B3 /* DataStorage.xcdatamodel */ = {isa = PBXFileReference; lastKnownFileType = wrapper.xcdatamodel; path = DataStorage.xcdatamodel; sourceTree = "<group>"; };
		36C647822387E54B007E1CFF /* ListTableViewController.swift */ = {isa = PBXFileReference; lastKnownFileType = sourcecode.swift; path = ListTableViewController.swift; sourceTree = "<group>"; };
		36FFAB512387EB2E000D8E33 /* CreateListViewController.swift */ = {isa = PBXFileReference; lastKnownFileType = sourcecode.swift; path = CreateListViewController.swift; sourceTree = "<group>"; };
		36FFAB532387EB52000D8E33 /* ListOfItemsTableViewController.swift */ = {isa = PBXFileReference; lastKnownFileType = sourcecode.swift; path = ListOfItemsTableViewController.swift; sourceTree = "<group>"; };
		36FFAB552388B2B8000D8E33 /* AddItemsViewController.swift */ = {isa = PBXFileReference; lastKnownFileType = sourcecode.swift; path = AddItemsViewController.swift; sourceTree = "<group>"; };
		407A00A8368A41B05098B7C3 /* Pods-firebase2.debug.xcconfig */ = {isa = PBXFileReference; includeInIndex = 1; lastKnownFileType = text.xcconfig; name = "Pods-firebase2.debug.xcconfig"; path = "Target Support Files/Pods-firebase2/Pods-firebase2.debug.xcconfig"; sourceTree = "<group>"; };
		AC9D290FBF68760512CB3D0A /* Pods-firebase2.release.xcconfig */ = {isa = PBXFileReference; includeInIndex = 1; lastKnownFileType = text.xcconfig; name = "Pods-firebase2.release.xcconfig"; path = "Target Support Files/Pods-firebase2/Pods-firebase2.release.xcconfig"; sourceTree = "<group>"; };
/* End PBXFileReference section */

/* Begin PBXFrameworksBuildPhase section */
		36620248238762C70058EA52 /* Frameworks */ = {
			isa = PBXFrameworksBuildPhase;
			buildActionMask = 2147483647;
			files = (
				E6916DAEB50179F7F1B35A7B /* Pods_firebase2.framework in Frameworks */,
			);
			runOnlyForDeploymentPostprocessing = 0;
		};
/* End PBXFrameworksBuildPhase section */

/* Begin PBXGroup section */
		321AA9627F72530D9DCD41BE /* Pods */ = {
			isa = PBXGroup;
			children = (
				407A00A8368A41B05098B7C3 /* Pods-firebase2.debug.xcconfig */,
				AC9D290FBF68760512CB3D0A /* Pods-firebase2.release.xcconfig */,
			);
			path = Pods;
			sourceTree = "<group>";
		};
		36620242238762C60058EA52 = {
			isa = PBXGroup;
			children = (
				3662024D238762C70058EA52 /* firebase2 */,
				3662024C238762C70058EA52 /* Products */,
				321AA9627F72530D9DCD41BE /* Pods */,
				85FB0FE7B13932620D1B49EE /* Frameworks */,
			);
			sourceTree = "<group>";
		};
		3662024C238762C70058EA52 /* Products */ = {
			isa = PBXGroup;
			children = (
				3662024B238762C70058EA52 /* firebase2.app */,
			);
			name = Products;
			sourceTree = "<group>";
		};
		3662024D238762C70058EA52 /* firebase2 */ = {
			isa = PBXGroup;
			children = (
				3662024E238762C70058EA52 /* AppDelegate.swift */,
				36620250238762C70058EA52 /* SceneDelegate.swift */,
				36620254238762C70058EA52 /* Main.storyboard */,
				36FFAB552388B2B8000D8E33 /* AddItemsViewController.swift */,
				36FFAB532387EB52000D8E33 /* ListOfItemsTableViewController.swift */,
				36FFAB512387EB2E000D8E33 /* CreateListViewController.swift */,
				36C647822387E54B007E1CFF /* ListTableViewController.swift */,
				36188B242387890600C1BD04 /* LoginViewController.swift */,
				36188B262387890F00C1BD04 /* SignUpViewController.swift */,
				366202622387875A0058EA52 /* StartViewController.swift */,
				36620257238762C80058EA52 /* Assets.xcassets */,
				36620259238762C80058EA52 /* LaunchScreen.storyboard */,
				3662025C238762C80058EA52 /* Info.plist */,
				36620266238787EB0058EA52 /* GoogleService-Info.plist */,
				369C35E72387C6D2000EB5B3 /* DataStorage.xcdatamodeld */,
			);
			path = firebase2;
			sourceTree = "<group>";
		};
		85FB0FE7B13932620D1B49EE /* Frameworks */ = {
			isa = PBXGroup;
			children = (
				28E53FE6E126AACB7D0A9497 /* Pods_firebase2.framework */,
			);
			name = Frameworks;
			sourceTree = "<group>";
		};
/* End PBXGroup section */

/* Begin PBXNativeTarget section */
		3662024A238762C70058EA52 /* firebase2 */ = {
			isa = PBXNativeTarget;
			buildConfigurationList = 3662025F238762C80058EA52 /* Build configuration list for PBXNativeTarget "firebase2" */;
			buildPhases = (
				32542ED4C1C8EB20F63F7C06 /* [CP] Check Pods Manifest.lock */,
				36620247238762C70058EA52 /* Sources */,
				36620248238762C70058EA52 /* Frameworks */,
				36620249238762C70058EA52 /* Resources */,
				997C9815E43B5ECB2BBC0EF1 /* [CP] Embed Pods Frameworks */,
			);
			buildRules = (
			);
			dependencies = (
			);
			name = firebase2;
			productName = firebase2;
			productReference = 3662024B238762C70058EA52 /* firebase2.app */;
			productType = "com.apple.product-type.application";
		};
/* End PBXNativeTarget section */

/* Begin PBXProject section */
		36620243238762C60058EA52 /* Project object */ = {
			isa = PBXProject;
			attributes = {
				LastSwiftUpdateCheck = 1110;
				LastUpgradeCheck = 1110;
				ORGANIZATIONNAME = "Karan Singh";
				TargetAttributes = {
					3662024A238762C70058EA52 = {
						CreatedOnToolsVersion = 11.1;
					};
				};
			};
			buildConfigurationList = 36620246238762C60058EA52 /* Build configuration list for PBXProject "firebase2" */;
			compatibilityVersion = "Xcode 9.3";
			developmentRegion = en;
			hasScannedForEncodings = 0;
			knownRegions = (
				en,
				Base,
			);
			mainGroup = 36620242238762C60058EA52;
			productRefGroup = 3662024C238762C70058EA52 /* Products */;
			projectDirPath = "";
			projectRoot = "";
			targets = (
				3662024A238762C70058EA52 /* firebase2 */,
			);
		};
/* End PBXProject section */

/* Begin PBXResourcesBuildPhase section */
		36620249238762C70058EA52 /* Resources */ = {
			isa = PBXResourcesBuildPhase;
			buildActionMask = 2147483647;
			files = (
				3662025B238762C80058EA52 /* LaunchScreen.storyboard in Resources */,
				36620267238787EB0058EA52 /* GoogleService-Info.plist in Resources */,
				36620258238762C80058EA52 /* Assets.xcassets in Resources */,
				36620256238762C70058EA52 /* Main.storyboard in Resources */,
			);
			runOnlyForDeploymentPostprocessing = 0;
		};
/* End PBXResourcesBuildPhase section */

/* Begin PBXShellScriptBuildPhase section */
		32542ED4C1C8EB20F63F7C06 /* [CP] Check Pods Manifest.lock */ = {
			isa = PBXShellScriptBuildPhase;
			buildActionMask = 2147483647;
			files = (
			);
			inputFileListPaths = (
			);
			inputPaths = (
				"${PODS_PODFILE_DIR_PATH}/Podfile.lock",
				"${PODS_ROOT}/Manifest.lock",
			);
			name = "[CP] Check Pods Manifest.lock";
			outputFileListPaths = (
			);
			outputPaths = (
				"$(DERIVED_FILE_DIR)/Pods-firebase2-checkManifestLockResult.txt",
			);
			runOnlyForDeploymentPostprocessing = 0;
			shellPath = /bin/sh;
			shellScript = "diff \"${PODS_PODFILE_DIR_PATH}/Podfile.lock\" \"${PODS_ROOT}/Manifest.lock\" > /dev/null\nif [ $? != 0 ] ; then\n    # print error to STDERR\n    echo \"error: The sandbox is not in sync with the Podfile.lock. Run 'pod install' or update your CocoaPods installation.\" >&2\n    exit 1\nfi\n# This output is used by Xcode 'outputs' to avoid re-running this script phase.\necho \"SUCCESS\" > \"${SCRIPT_OUTPUT_FILE_0}\"\n";
			showEnvVarsInLog = 0;
		};
		997C9815E43B5ECB2BBC0EF1 /* [CP] Embed Pods Frameworks */ = {
			isa = PBXShellScriptBuildPhase;
			buildActionMask = 2147483647;
			files = (
			);
			inputFileListPaths = (
				"${PODS_ROOT}/Target Support Files/Pods-firebase2/Pods-firebase2-frameworks-${CONFIGURATION}-input-files.xcfilelist",
			);
			name = "[CP] Embed Pods Frameworks";
			outputFileListPaths = (
				"${PODS_ROOT}/Target Support Files/Pods-firebase2/Pods-firebase2-frameworks-${CONFIGURATION}-output-files.xcfilelist",
			);
			runOnlyForDeploymentPostprocessing = 0;
			shellPath = /bin/sh;
			shellScript = "\"${PODS_ROOT}/Target Support Files/Pods-firebase2/Pods-firebase2-frameworks.sh\"\n";
			showEnvVarsInLog = 0;
		};
/* End PBXShellScriptBuildPhase section */

/* Begin PBXSourcesBuildPhase section */
		36620247238762C70058EA52 /* Sources */ = {
			isa = PBXSourcesBuildPhase;
			buildActionMask = 2147483647;
			files = (
				36188B252387890600C1BD04 /* LoginViewController.swift in Sources */,
				3662024F238762C70058EA52 /* AppDelegate.swift in Sources */,
				36FFAB542387EB52000D8E33 /* ListOfItemsTableViewController.swift in Sources */,
				36FFAB562388B2B8000D8E33 /* AddItemsViewController.swift in Sources */,
				36FFAB522387EB2E000D8E33 /* CreateListViewController.swift in Sources */,
				369C35E92387C6D2000EB5B3 /* DataStorage.xcdatamodeld in Sources */,
				36C647832387E54B007E1CFF /* ListTableViewController.swift in Sources */,
				36620251238762C70058EA52 /* SceneDelegate.swift in Sources */,
				366202632387875A0058EA52 /* StartViewController.swift in Sources */,
				36188B272387890F00C1BD04 /* SignUpViewController.swift in Sources */,
			);
			runOnlyForDeploymentPostprocessing = 0;
		};
/* End PBXSourcesBuildPhase section */

/* Begin PBXVariantGroup section */
		36620254238762C70058EA52 /* Main.storyboard */ = {
			isa = PBXVariantGroup;
			children = (
				36620255238762C70058EA52 /* Base */,
			);
			name = Main.storyboard;
			sourceTree = "<group>";
		};
		36620259238762C80058EA52 /* LaunchScreen.storyboard */ = {
			isa = PBXVariantGroup;
			children = (
				3662025A238762C80058EA52 /* Base */,
			);
			name = LaunchScreen.storyboard;
			sourceTree = "<group>";
		};
/* End PBXVariantGroup section */

/* Begin XCBuildConfiguration section */
		3662025D238762C80058EA52 /* Debug */ = {
			isa = XCBuildConfiguration;
			buildSettings = {
				ALWAYS_SEARCH_USER_PATHS = NO;
				CLANG_ANALYZER_NONNULL = YES;
				CLANG_ANALYZER_NUMBER_OBJECT_CONVERSION = YES_AGGRESSIVE;
				CLANG_CXX_LANGUAGE_STANDARD = "gnu++14";
				CLANG_CXX_LIBRARY = "libc++";
				CLANG_ENABLE_MODULES = YES;
				CLANG_ENABLE_OBJC_ARC = YES;
				CLANG_ENABLE_OBJC_WEAK = YES;
				CLANG_WARN_BLOCK_CAPTURE_AUTORELEASING = YES;
				CLANG_WARN_BOOL_CONVERSION = YES;
				CLANG_WARN_COMMA = YES;
				CLANG_WARN_CONSTANT_CONVERSION = YES;
				CLANG_WARN_DEPRECATED_OBJC_IMPLEMENTATIONS = YES;
				CLANG_WARN_DIRECT_OBJC_ISA_USAGE = YES_ERROR;
				CLANG_WARN_DOCUMENTATION_COMMENTS = YES;
				CLANG_WARN_EMPTY_BODY = YES;
				CLANG_WARN_ENUM_CONVERSION = YES;
				CLANG_WARN_INFINITE_RECURSION = YES;
				CLANG_WARN_INT_CONVERSION = YES;
				CLANG_WARN_NON_LITERAL_NULL_CONVERSION = YES;
				CLANG_WARN_OBJC_IMPLICIT_RETAIN_SELF = YES;
				CLANG_WARN_OBJC_LITERAL_CONVERSION = YES;
				CLANG_WARN_OBJC_ROOT_CLASS = YES_ERROR;
				CLANG_WARN_RANGE_LOOP_ANALYSIS = YES;
				CLANG_WARN_STRICT_PROTOTYPES = YES;
				CLANG_WARN_SUSPICIOUS_MOVE = YES;
				CLANG_WARN_UNGUARDED_AVAILABILITY = YES_AGGRESSIVE;
				CLANG_WARN_UNREACHABLE_CODE = YES;
				CLANG_WARN__DUPLICATE_METHOD_MATCH = YES;
				COPY_PHASE_STRIP = NO;
				DEBUG_INFORMATION_FORMAT = dwarf;
				ENABLE_STRICT_OBJC_MSGSEND = YES;
				ENABLE_TESTABILITY = YES;
				GCC_C_LANGUAGE_STANDARD = gnu11;
				GCC_DYNAMIC_NO_PIC = NO;
				GCC_NO_COMMON_BLOCKS = YES;
				GCC_OPTIMIZATION_LEVEL = 0;
				GCC_PREPROCESSOR_DEFINITIONS = (
					"DEBUG=1",
					"$(inherited)",
				);
				GCC_WARN_64_TO_32_BIT_CONVERSION = YES;
				GCC_WARN_ABOUT_RETURN_TYPE = YES_ERROR;
				GCC_WARN_UNDECLARED_SELECTOR = YES;
				GCC_WARN_UNINITIALIZED_AUTOS = YES_AGGRESSIVE;
				GCC_WARN_UNUSED_FUNCTION = YES;
				GCC_WARN_UNUSED_VARIABLE = YES;
				IPHONEOS_DEPLOYMENT_TARGET = 13.1;
				MTL_ENABLE_DEBUG_INFO = INCLUDE_SOURCE;
				MTL_FAST_MATH = YES;
				ONLY_ACTIVE_ARCH = YES;
				SDKROOT = iphoneos;
				SWIFT_ACTIVE_COMPILATION_CONDITIONS = DEBUG;
				SWIFT_OPTIMIZATION_LEVEL = "-Onone";
			};
			name = Debug;
		};
		3662025E238762C80058EA52 /* Release */ = {
			isa = XCBuildConfiguration;
			buildSettings = {
				ALWAYS_SEARCH_USER_PATHS = NO;
				CLANG_ANALYZER_NONNULL = YES;
				CLANG_ANALYZER_NUMBER_OBJECT_CONVERSION = YES_AGGRESSIVE;
				CLANG_CXX_LANGUAGE_STANDARD = "gnu++14";
				CLANG_CXX_LIBRARY = "libc++";
				CLANG_ENABLE_MODULES = YES;
				CLANG_ENABLE_OBJC_ARC = YES;
				CLANG_ENABLE_OBJC_WEAK = YES;
				CLANG_WARN_BLOCK_CAPTURE_AUTORELEASING = YES;
				CLANG_WARN_BOOL_CONVERSION = YES;
				CLANG_WARN_COMMA = YES;
				CLANG_WARN_CONSTANT_CONVERSION = YES;
				CLANG_WARN_DEPRECATED_OBJC_IMPLEMENTATIONS = YES;
				CLANG_WARN_DIRECT_OBJC_ISA_USAGE = YES_ERROR;
				CLANG_WARN_DOCUMENTATION_COMMENTS = YES;
				CLANG_WARN_EMPTY_BODY = YES;
				CLANG_WARN_ENUM_CONVERSION = YES;
				CLANG_WARN_INFINITE_RECURSION = YES;
				CLANG_WARN_INT_CONVERSION = YES;
				CLANG_WARN_NON_LITERAL_NULL_CONVERSION = YES;
				CLANG_WARN_OBJC_IMPLICIT_RETAIN_SELF = YES;
				CLANG_WARN_OBJC_LITERAL_CONVERSION = YES;
				CLANG_WARN_OBJC_ROOT_CLASS = YES_ERROR;
				CLANG_WARN_RANGE_LOOP_ANALYSIS = YES;
				CLANG_WARN_STRICT_PROTOTYPES = YES;
				CLANG_WARN_SUSPICIOUS_MOVE = YES;
				CLANG_WARN_UNGUARDED_AVAILABILITY = YES_AGGRESSIVE;
				CLANG_WARN_UNREACHABLE_CODE = YES;
				CLANG_WARN__DUPLICATE_METHOD_MATCH = YES;
				COPY_PHASE_STRIP = NO;
				DEBUG_INFORMATION_FORMAT = "dwarf-with-dsym";
				ENABLE_NS_ASSERTIONS = NO;
				ENABLE_STRICT_OBJC_MSGSEND = YES;
				GCC_C_LANGUAGE_STANDARD = gnu11;
				GCC_NO_COMMON_BLOCKS = YES;
				GCC_WARN_64_TO_32_BIT_CONVERSION = YES;
				GCC_WARN_ABOUT_RETURN_TYPE = YES_ERROR;
				GCC_WARN_UNDECLARED_SELECTOR = YES;
				GCC_WARN_UNINITIALIZED_AUTOS = YES_AGGRESSIVE;
				GCC_WARN_UNUSED_FUNCTION = YES;
				GCC_WARN_UNUSED_VARIABLE = YES;
				IPHONEOS_DEPLOYMENT_TARGET = 13.1;
				MTL_ENABLE_DEBUG_INFO = NO;
				MTL_FAST_MATH = YES;
				SDKROOT = iphoneos;
				SWIFT_COMPILATION_MODE = wholemodule;
				SWIFT_OPTIMIZATION_LEVEL = "-O";
				VALIDATE_PRODUCT = YES;
			};
			name = Release;
		};
		36620260238762C80058EA52 /* Debug */ = {
			isa = XCBuildConfiguration;
			baseConfigurationReference = 407A00A8368A41B05098B7C3 /* Pods-firebase2.debug.xcconfig */;
			buildSettings = {
				ASSETCATALOG_COMPILER_APPICON_NAME = AppIcon;
				CODE_SIGN_STYLE = Automatic;
				DEVELOPMENT_TEAM = N2H63DVVCN;
				INFOPLIST_FILE = firebase2/Info.plist;
				LD_RUNPATH_SEARCH_PATHS = (
					"$(inherited)",
					"@executable_path/Frameworks",
				);
				PRODUCT_BUNDLE_IDENTIFIER = "com.karansingh.Progress-Journal";
				PRODUCT_NAME = "$(TARGET_NAME)";
				SWIFT_VERSION = 5.0;
				TARGETED_DEVICE_FAMILY = "1,2";
			};
			name = Debug;
		};
		36620261238762C80058EA52 /* Release */ = {
			isa = XCBuildConfiguration;
			baseConfigurationReference = AC9D290FBF68760512CB3D0A /* Pods-firebase2.release.xcconfig */;
			buildSettings = {
				ASSETCATALOG_COMPILER_APPICON_NAME = AppIcon;
				CODE_SIGN_STYLE = Automatic;
				DEVELOPMENT_TEAM = N2H63DVVCN;
				INFOPLIST_FILE = firebase2/Info.plist;
				LD_RUNPATH_SEARCH_PATHS = (
					"$(inherited)",
					"@executable_path/Frameworks",
				);
				PRODUCT_BUNDLE_IDENTIFIER = "com.karansingh.Progress-Journal";
				PRODUCT_NAME = "$(TARGET_NAME)";
				SWIFT_VERSION = 5.0;
				TARGETED_DEVICE_FAMILY = "1,2";
			};
			name = Release;
		};
/* End XCBuildConfiguration section */

/* Begin XCConfigurationList section */
		36620246238762C60058EA52 /* Build configuration list for PBXProject "firebase2" */ = {
			isa = XCConfigurationList;
			buildConfigurations = (
				3662025D238762C80058EA52 /* Debug */,
				3662025E238762C80058EA52 /* Release */,
			);
			defaultConfigurationIsVisible = 0;
			defaultConfigurationName = Release;
		};
		3662025F238762C80058EA52 /* Build configuration list for PBXNativeTarget "firebase2" */ = {
			isa = XCConfigurationList;
			buildConfigurations = (
				36620260238762C80058EA52 /* Debug */,
				36620261238762C80058EA52 /* Release */,
			);
			defaultConfigurationIsVisible = 0;
			defaultConfigurationName = Release;
		};
/* End XCConfigurationList section */

/* Begin XCVersionGroup section */
		369C35E72387C6D2000EB5B3 /* DataStorage.xcdatamodeld */ = {
			isa = XCVersionGroup;
			children = (
				369C35E82387C6D2000EB5B3 /* DataStorage.xcdatamodel */,
			);
			currentVersion = 369C35E82387C6D2000EB5B3 /* DataStorage.xcdatamodel */;
			path = DataStorage.xcdatamodeld;
			sourceTree = "<group>";
			versionGroupType = wrapper.xcdatamodel;
		};
/* End XCVersionGroup section */
	};
	rootObject = 36620243238762C60058EA52 /* Project object */;
}
